
Microsoft Visual Studio Solution File, Format Version 12.00
# Visual Studio Version 17
VisualStudioVersion = 17.3.32804.467
MinimumVisualStudioVersion = 10.0.40219.1
Project("{FAE04EC0-301F-11D3-BF4B-00C04F79EFBC}") = "PartyInvites", "PartyInvites\PartyInvites.csproj", "{A47969B4-477E-4DCB-9D4A-5F06CD03A531}"
EndProject
Global
	GlobalSection(SolutionConfigurationPlatforms) = preSolution
		Debug|Any CPU = Debug|Any CPU
		Release|Any CPU = Release|Any CPU
	EndGlobalSection
	GlobalSection(ProjectConfigurationPlatforms) = postSolution
		{A47969B4-477E-4DCB-9D4A-5F06CD03A531}.Debug|Any CPU.ActiveCfg = Debug|Any CPU
		{A47969B4-477E-4DCB-9D4A-5F06CD03A531}.Debug|Any CPU.Build.0 = Debug|Any CPU
		{A47969B4-477E-4DCB-9D4A-5F06CD03A531}.Release|Any CPU.ActiveCfg = Release|Any CPU
		{A47969B4-477E-4DCB-9D4A-5F06CD03A531}.Release|Any CPU.Build.0 = Release|Any CPU
	EndGlobalSection
	GlobalSection(SolutionProperties) = preSolution
		HideSolutionNode = FALSE
	EndGlobalSection
	GlobalSection(ExtensibilityGlobals) = postSolution
		SolutionGuid = {6FA7BB4E-010E-4D07-8C01-63B31E3C9564}
	EndGlobalSection
EndGlobal
